
Microsoft Visual Studio Solution File, Format Version 12.00
# Visual Studio Version 17
VisualStudioVersion = 17.11.35208.52
MinimumVisualStudioVersion = 10.0.40219.1
Project("{FAE04EC0-301F-11D3-BF4B-00C04F79EFBC}") = "Laboratorio 91", "Laboratorio 91.csproj", "{D0204371-833E-4992-842B-841525984D24}"
EndProject
Project("{FAE04EC0-301F-11D3-BF4B-00C04F79EFBC}") = "Laboratorio 92", "Laboratorio 92\Laboratorio 92.csproj", "{67D28117-8217-4010-8712-CA62783C6F3D}"
EndProject
Project("{FAE04EC0-301F-11D3-BF4B-00C04F79EFBC}") = "Laboratorio 93", "Laboratorio 93\Laboratorio 93.csproj", "{074D545D-C049-442A-BB07-10A9CB4D0774}"
EndProject
Global
	GlobalSection(SolutionConfigurationPlatforms) = preSolution
		Debug|Any CPU = Debug|Any CPU
		Release|Any CPU = Release|Any CPU
	EndGlobalSection
	GlobalSection(ProjectConfigurationPlatforms) = postSolution
		{D0204371-833E-4992-842B-841525984D24}.Debug|Any CPU.ActiveCfg = Debug|Any CPU
		{D0204371-833E-4992-842B-841525984D24}.Debug|Any CPU.Build.0 = Debug|Any CPU
		{D0204371-833E-4992-842B-841525984D24}.Release|Any CPU.ActiveCfg = Release|Any CPU
		{D0204371-833E-4992-842B-841525984D24}.Release|Any CPU.Build.0 = Release|Any CPU
		{67D28117-8217-4010-8712-CA62783C6F3D}.Debug|Any CPU.ActiveCfg = Debug|Any CPU
		{67D28117-8217-4010-8712-CA62783C6F3D}.Debug|Any CPU.Build.0 = Debug|Any CPU
		{67D28117-8217-4010-8712-CA62783C6F3D}.Release|Any CPU.ActiveCfg = Release|Any CPU
		{67D28117-8217-4010-8712-CA62783C6F3D}.Release|Any CPU.Build.0 = Release|Any CPU
		{074D545D-C049-442A-BB07-10A9CB4D0774}.Debug|Any CPU.ActiveCfg = Debug|Any CPU
		{074D545D-C049-442A-BB07-10A9CB4D0774}.Debug|Any CPU.Build.0 = Debug|Any CPU
		{074D545D-C049-442A-BB07-10A9CB4D0774}.Release|Any CPU.ActiveCfg = Release|Any CPU
		{074D545D-C049-442A-BB07-10A9CB4D0774}.Release|Any CPU.Build.0 = Release|Any CPU
	EndGlobalSection
	GlobalSection(SolutionProperties) = preSolution
		HideSolutionNode = FALSE
	EndGlobalSection
	GlobalSection(ExtensibilityGlobals) = postSolution
		SolutionGuid = {B98F06CF-8E0B-4A9F-A2A4-3466F2D5813F}
	EndGlobalSection
EndGlobal
