
Microsoft Visual Studio Solution File, Format Version 12.00
# Visual Studio Version 17
VisualStudioVersion = 17.11.35208.52
MinimumVisualStudioVersion = 10.0.40219.1
Project("{FAE04EC0-301F-11D3-BF4B-00C04F79EFBC}") = "Laboratorio 51", "Laboratorio 51.csproj", "{7679A8D9-90F4-4095-8265-543617E18AC5}"
EndProject
Project("{FAE04EC0-301F-11D3-BF4B-00C04F79EFBC}") = "Laboratorio 52", "Laboratorio 52\Laboratorio 52.csproj", "{AA382322-3232-4528-931C-505A2F4C59B2}"
EndProject
Project("{FAE04EC0-301F-11D3-BF4B-00C04F79EFBC}") = "Laboratorio 53", "Laboratorio 53\Laboratorio 53.csproj", "{4883AE6D-6737-449A-9544-026095FD0F42}"
EndProject
Global
	GlobalSection(SolutionConfigurationPlatforms) = preSolution
		Debug|Any CPU = Debug|Any CPU
		Release|Any CPU = Release|Any CPU
	EndGlobalSection
	GlobalSection(ProjectConfigurationPlatforms) = postSolution
		{7679A8D9-90F4-4095-8265-543617E18AC5}.Debug|Any CPU.ActiveCfg = Debug|Any CPU
		{7679A8D9-90F4-4095-8265-543617E18AC5}.Debug|Any CPU.Build.0 = Debug|Any CPU
		{7679A8D9-90F4-4095-8265-543617E18AC5}.Release|Any CPU.ActiveCfg = Release|Any CPU
		{7679A8D9-90F4-4095-8265-543617E18AC5}.Release|Any CPU.Build.0 = Release|Any CPU
		{AA382322-3232-4528-931C-505A2F4C59B2}.Debug|Any CPU.ActiveCfg = Debug|Any CPU
		{AA382322-3232-4528-931C-505A2F4C59B2}.Debug|Any CPU.Build.0 = Debug|Any CPU
		{AA382322-3232-4528-931C-505A2F4C59B2}.Release|Any CPU.ActiveCfg = Release|Any CPU
		{AA382322-3232-4528-931C-505A2F4C59B2}.Release|Any CPU.Build.0 = Release|Any CPU
		{4883AE6D-6737-449A-9544-026095FD0F42}.Debug|Any CPU.ActiveCfg = Debug|Any CPU
		{4883AE6D-6737-449A-9544-026095FD0F42}.Debug|Any CPU.Build.0 = Debug|Any CPU
		{4883AE6D-6737-449A-9544-026095FD0F42}.Release|Any CPU.ActiveCfg = Release|Any CPU
		{4883AE6D-6737-449A-9544-026095FD0F42}.Release|Any CPU.Build.0 = Release|Any CPU
	EndGlobalSection
	GlobalSection(SolutionProperties) = preSolution
		HideSolutionNode = FALSE
	EndGlobalSection
	GlobalSection(ExtensibilityGlobals) = postSolution
		SolutionGuid = {9388A6A8-130C-474A-B612-458F097ED446}
	EndGlobalSection
EndGlobal
