
Microsoft Visual Studio Solution File, Format Version 12.00
# Visual Studio Version 17
VisualStudioVersion = 17.11.35208.52
MinimumVisualStudioVersion = 10.0.40219.1
Project("{FAE04EC0-301F-11D3-BF4B-00C04F79EFBC}") = "Laboratorio 11", "Laboratorio 11.csproj", "{B6514D3A-6054-4590-A31B-38230A28E90C}"
EndProject
Global
	GlobalSection(SolutionConfigurationPlatforms) = preSolution
		Debug|Any CPU = Debug|Any CPU
		Release|Any CPU = Release|Any CPU
	EndGlobalSection
	GlobalSection(ProjectConfigurationPlatforms) = postSolution
		{B6514D3A-6054-4590-A31B-38230A28E90C}.Debug|Any CPU.ActiveCfg = Debug|Any CPU
		{B6514D3A-6054-4590-A31B-38230A28E90C}.Debug|Any CPU.Build.0 = Debug|Any CPU
		{B6514D3A-6054-4590-A31B-38230A28E90C}.Release|Any CPU.ActiveCfg = Release|Any CPU
		{B6514D3A-6054-4590-A31B-38230A28E90C}.Release|Any CPU.Build.0 = Release|Any CPU
	EndGlobalSection
	GlobalSection(SolutionProperties) = preSolution
		HideSolutionNode = FALSE
	EndGlobalSection
	GlobalSection(ExtensibilityGlobals) = postSolution
		SolutionGuid = {ECDD3790-B33D-4A59-BA75-0766AD7DBE8C}
	EndGlobalSection
EndGlobal
