
Microsoft Visual Studio Solution File, Format Version 12.00
# Visual Studio Version 17
VisualStudioVersion = 17.11.35208.52
MinimumVisualStudioVersion = 10.0.40219.1
Project("{FAE04EC0-301F-11D3-BF4B-00C04F79EFBC}") = "Laboratorio 3", "Laboratorio 3.csproj", "{B4FF6357-E596-47E7-8461-B594CA2BE22E}"
EndProject
Project("{FAE04EC0-301F-11D3-BF4B-00C04F79EFBC}") = "Laboratorio 31", "..\Laboratorio 31\Laboratorio 31.csproj", "{7ED738D6-84C4-4735-B988-12999753018B}"
EndProject
Project("{FAE04EC0-301F-11D3-BF4B-00C04F79EFBC}") = "Laboratorio 32", "..\Laboratorio 32\Laboratorio 32.csproj", "{9BB718B6-1A6B-4A9D-9A7E-6913E3344968}"
EndProject
Project("{FAE04EC0-301F-11D3-BF4B-00C04F79EFBC}") = "Laboratorio 33", "..\Laboratorio 33\Laboratorio 33.csproj", "{6EFED73F-36FC-441F-B287-730740721CEC}"
EndProject
Global
	GlobalSection(SolutionConfigurationPlatforms) = preSolution
		Debug|Any CPU = Debug|Any CPU
		Release|Any CPU = Release|Any CPU
	EndGlobalSection
	GlobalSection(ProjectConfigurationPlatforms) = postSolution
		{B4FF6357-E596-47E7-8461-B594CA2BE22E}.Debug|Any CPU.ActiveCfg = Debug|Any CPU
		{B4FF6357-E596-47E7-8461-B594CA2BE22E}.Debug|Any CPU.Build.0 = Debug|Any CPU
		{B4FF6357-E596-47E7-8461-B594CA2BE22E}.Release|Any CPU.ActiveCfg = Release|Any CPU
		{B4FF6357-E596-47E7-8461-B594CA2BE22E}.Release|Any CPU.Build.0 = Release|Any CPU
		{7ED738D6-84C4-4735-B988-12999753018B}.Debug|Any CPU.ActiveCfg = Debug|Any CPU
		{7ED738D6-84C4-4735-B988-12999753018B}.Debug|Any CPU.Build.0 = Debug|Any CPU
		{7ED738D6-84C4-4735-B988-12999753018B}.Release|Any CPU.ActiveCfg = Release|Any CPU
		{7ED738D6-84C4-4735-B988-12999753018B}.Release|Any CPU.Build.0 = Release|Any CPU
		{9BB718B6-1A6B-4A9D-9A7E-6913E3344968}.Debug|Any CPU.ActiveCfg = Debug|Any CPU
		{9BB718B6-1A6B-4A9D-9A7E-6913E3344968}.Debug|Any CPU.Build.0 = Debug|Any CPU
		{9BB718B6-1A6B-4A9D-9A7E-6913E3344968}.Release|Any CPU.ActiveCfg = Release|Any CPU
		{9BB718B6-1A6B-4A9D-9A7E-6913E3344968}.Release|Any CPU.Build.0 = Release|Any CPU
		{6EFED73F-36FC-441F-B287-730740721CEC}.Debug|Any CPU.ActiveCfg = Debug|Any CPU
		{6EFED73F-36FC-441F-B287-730740721CEC}.Debug|Any CPU.Build.0 = Debug|Any CPU
		{6EFED73F-36FC-441F-B287-730740721CEC}.Release|Any CPU.ActiveCfg = Release|Any CPU
		{6EFED73F-36FC-441F-B287-730740721CEC}.Release|Any CPU.Build.0 = Release|Any CPU
	EndGlobalSection
	GlobalSection(SolutionProperties) = preSolution
		HideSolutionNode = FALSE
	EndGlobalSection
	GlobalSection(ExtensibilityGlobals) = postSolution
		SolutionGuid = {2914207D-2A27-42C8-9395-2DC456BBD0FC}
	EndGlobalSection
EndGlobal
